
Microsoft Visual Studio Solution File, Format Version 12.00
# Visual Studio Version 17
VisualStudioVersion = 17.4.33103.184
MinimumVisualStudioVersion = 10.0.40219.1
Project("{FAE04EC0-301F-11D3-BF4B-00C04F79EFBC}") = "PR_8", "PR_8\PR_8.csproj", "{B27713D3-8CE4-4D2C-9C33-33E410D748EB}"
EndProject
Global
	GlobalSection(SolutionConfigurationPlatforms) = preSolution
		Debug|Any CPU = Debug|Any CPU
		Release|Any CPU = Release|Any CPU
	EndGlobalSection
	GlobalSection(ProjectConfigurationPlatforms) = postSolution
		{B27713D3-8CE4-4D2C-9C33-33E410D748EB}.Debug|Any CPU.ActiveCfg = Debug|Any CPU
		{B27713D3-8CE4-4D2C-9C33-33E410D748EB}.Debug|Any CPU.Build.0 = Debug|Any CPU
		{B27713D3-8CE4-4D2C-9C33-33E410D748EB}.Release|Any CPU.ActiveCfg = Release|Any CPU
		{B27713D3-8CE4-4D2C-9C33-33E410D748EB}.Release|Any CPU.Build.0 = Release|Any CPU
	EndGlobalSection
	GlobalSection(SolutionProperties) = preSolution
		HideSolutionNode = FALSE
	EndGlobalSection
	GlobalSection(ExtensibilityGlobals) = postSolution
		SolutionGuid = {C0463B6D-05B8-42A0-92DE-6A46509AADB7}
	EndGlobalSection
EndGlobal
